
Microsoft Visual Studio Solution File, Format Version 12.00
# Visual Studio Version 17
VisualStudioVersion = 17.8.34316.72
MinimumVisualStudioVersion = 10.0.40219.1
Project("{FAE04EC0-301F-11D3-BF4B-00C04F79EFBC}") = "Pokedex", "Pokedex\Pokedex.csproj", "{B57B002D-1F8C-46BF-A5CB-5DF7CCA68BB3}"
EndProject
Global
	GlobalSection(SolutionConfigurationPlatforms) = preSolution
		Debug|Any CPU = Debug|Any CPU
		Release|Any CPU = Release|Any CPU
	EndGlobalSection
	GlobalSection(ProjectConfigurationPlatforms) = postSolution
		{B57B002D-1F8C-46BF-A5CB-5DF7CCA68BB3}.Debug|Any CPU.ActiveCfg = Debug|Any CPU
		{B57B002D-1F8C-46BF-A5CB-5DF7CCA68BB3}.Debug|Any CPU.Build.0 = Debug|Any CPU
		{B57B002D-1F8C-46BF-A5CB-5DF7CCA68BB3}.Release|Any CPU.ActiveCfg = Release|Any CPU
		{B57B002D-1F8C-46BF-A5CB-5DF7CCA68BB3}.Release|Any CPU.Build.0 = Release|Any CPU
	EndGlobalSection
	GlobalSection(SolutionProperties) = preSolution
		HideSolutionNode = FALSE
	EndGlobalSection
	GlobalSection(ExtensibilityGlobals) = postSolution
		SolutionGuid = {C2510069-0817-409C-BF0F-B26BDD4AF1D2}
	EndGlobalSection
EndGlobal
